
Microsoft Visual Studio Solution File, Format Version 12.00
# Visual Studio Version 17
VisualStudioVersion = 17.1.32228.430
MinimumVisualStudioVersion = 10.0.40219.1
Project("{9A19103F-16F7-4668-BE54-9A1E7A4F7556}") = "MercadoPleno.Tools", "MercadoPleno.Tools\MercadoPleno.Tools.csproj", "{5A1E3B68-9E74-4F8D-80D9-259EE1700849}"
EndProject
Global
	GlobalSection(SolutionConfigurationPlatforms) = preSolution
		Debug|Any CPU = Debug|Any CPU
		Release|Any CPU = Release|Any CPU
	EndGlobalSection
	GlobalSection(ProjectConfigurationPlatforms) = postSolution
		{5A1E3B68-9E74-4F8D-80D9-259EE1700849}.Debug|Any CPU.ActiveCfg = Debug|Any CPU
		{5A1E3B68-9E74-4F8D-80D9-259EE1700849}.Debug|Any CPU.Build.0 = Debug|Any CPU
		{5A1E3B68-9E74-4F8D-80D9-259EE1700849}.Release|Any CPU.ActiveCfg = Release|Any CPU
		{5A1E3B68-9E74-4F8D-80D9-259EE1700849}.Release|Any CPU.Build.0 = Release|Any CPU
	EndGlobalSection
	GlobalSection(SolutionProperties) = preSolution
		HideSolutionNode = FALSE
	EndGlobalSection
	GlobalSection(ExtensibilityGlobals) = postSolution
		SolutionGuid = {73B2AFA0-1670-4A55-9083-EE58A26408A2}
	EndGlobalSection
EndGlobal
